
Microsoft Visual Studio Solution File, Format Version 12.00
# Visual Studio 15
VisualStudioVersion = 15.0.27130.2024
MinimumVisualStudioVersion = 10.0.40219.1
Project("{FAE04EC0-301F-11D3-BF4B-00C04F79EFBC}") = "YouSee.Android", "YouSee\YouSee.Android\YouSee.Android.csproj", "{868988A0-2E15-48B7-910D-C74AEC75BBB9}"
EndProject
Project("{FAE04EC0-301F-11D3-BF4B-00C04F79EFBC}") = "YouSee.iOS", "YouSee\YouSee.iOS\YouSee.iOS.csproj", "{704C2675-877A-41A8-BD27-A0BB2EC20DE7}"
EndProject
Project("{FAE04EC0-301F-11D3-BF4B-00C04F79EFBC}") = "YouSee.UWP", "YouSee\YouSee.UWP\YouSee.UWP.csproj", "{3E139665-04B1-461A-8C4D-AD1088171961}"
EndProject
Project("{FAE04EC0-301F-11D3-BF4B-00C04F79EFBC}") = "YouSee", "YouSee\YouSee\YouSee.csproj", "{6C12B61F-65DE-4E7A-8700-7C7E46B32A5D}"
EndProject
Global
	GlobalSection(SolutionConfigurationPlatforms) = preSolution
		Ad-Hoc|Any CPU = Ad-Hoc|Any CPU
		Ad-Hoc|ARM = Ad-Hoc|ARM
		Ad-Hoc|iPhone = Ad-Hoc|iPhone
		Ad-Hoc|iPhoneSimulator = Ad-Hoc|iPhoneSimulator
		Ad-Hoc|x64 = Ad-Hoc|x64
		Ad-Hoc|x86 = Ad-Hoc|x86
		AppStore|Any CPU = AppStore|Any CPU
		AppStore|ARM = AppStore|ARM
		AppStore|iPhone = AppStore|iPhone
		AppStore|iPhoneSimulator = AppStore|iPhoneSimulator
		AppStore|x64 = AppStore|x64
		AppStore|x86 = AppStore|x86
		Debug|Any CPU = Debug|Any CPU
		Debug|ARM = Debug|ARM
		Debug|iPhone = Debug|iPhone
		Debug|iPhoneSimulator = Debug|iPhoneSimulator
		Debug|x64 = Debug|x64
		Debug|x86 = Debug|x86
		Release|Any CPU = Release|Any CPU
		Release|ARM = Release|ARM
		Release|iPhone = Release|iPhone
		Release|iPhoneSimulator = Release|iPhoneSimulator
		Release|x64 = Release|x64
		Release|x86 = Release|x86
	EndGlobalSection
	GlobalSection(ProjectConfigurationPlatforms) = postSolution
		{868988A0-2E15-48B7-910D-C74AEC75BBB9}.Ad-Hoc|Any CPU.ActiveCfg = Release|Any CPU
		{868988A0-2E15-48B7-910D-C74AEC75BBB9}.Ad-Hoc|Any CPU.Build.0 = Release|Any CPU
		{868988A0-2E15-48B7-910D-C74AEC75BBB9}.Ad-Hoc|Any CPU.Deploy.0 = Release|Any CPU
		{868988A0-2E15-48B7-910D-C74AEC75BBB9}.Ad-Hoc|ARM.ActiveCfg = Release|Any CPU
		{868988A0-2E15-48B7-910D-C74AEC75BBB9}.Ad-Hoc|ARM.Build.0 = Release|Any CPU
		{868988A0-2E15-48B7-910D-C74AEC75BBB9}.Ad-Hoc|ARM.Deploy.0 = Release|Any CPU
		{868988A0-2E15-48B7-910D-C74AEC75BBB9}.Ad-Hoc|iPhone.ActiveCfg = Release|Any CPU
		{868988A0-2E15-48B7-910D-C74AEC75BBB9}.Ad-Hoc|iPhone.Build.0 = Release|Any CPU
		{868988A0-2E15-48B7-910D-C74AEC75BBB9}.Ad-Hoc|iPhone.Deploy.0 = Release|Any CPU
		{868988A0-2E15-48B7-910D-C74AEC75BBB9}.Ad-Hoc|iPhoneSimulator.ActiveCfg = Release|Any CPU
		{868988A0-2E15-48B7-910D-C74AEC75BBB9}.Ad-Hoc|iPhoneSimulator.Build.0 = Release|Any CPU
		{868988A0-2E15-48B7-910D-C74AEC75BBB9}.Ad-Hoc|iPhoneSimulator.Deploy.0 = Release|Any CPU
		{868988A0-2E15-48B7-910D-C74AEC75BBB9}.Ad-Hoc|x64.ActiveCfg = Release|Any CPU
		{868988A0-2E15-48B7-910D-C74AEC75BBB9}.Ad-Hoc|x64.Build.0 = Release|Any CPU
		{868988A0-2E15-48B7-910D-C74AEC75BBB9}.Ad-Hoc|x64.Deploy.0 = Release|Any CPU
		{868988A0-2E15-48B7-910D-C74AEC75BBB9}.Ad-Hoc|x86.ActiveCfg = Release|Any CPU
		{868988A0-2E15-48B7-910D-C74AEC75BBB9}.Ad-Hoc|x86.Build.0 = Release|Any CPU
		{868988A0-2E15-48B7-910D-C74AEC75BBB9}.Ad-Hoc|x86.Deploy.0 = Release|Any CPU
		{868988A0-2E15-48B7-910D-C74AEC75BBB9}.AppStore|Any CPU.ActiveCfg = Release|Any CPU
		{868988A0-2E15-48B7-910D-C74AEC75BBB9}.AppStore|Any CPU.Build.0 = Release|Any CPU
		{868988A0-2E15-48B7-910D-C74AEC75BBB9}.AppStore|Any CPU.Deploy.0 = Release|Any CPU
		{868988A0-2E15-48B7-910D-C74AEC75BBB9}.AppStore|ARM.ActiveCfg = Release|Any CPU
		{868988A0-2E15-48B7-910D-C74AEC75BBB9}.AppStore|ARM.Build.0 = Release|Any CPU
		{868988A0-2E15-48B7-910D-C74AEC75BBB9}.AppStore|ARM.Deploy.0 = Release|Any CPU
		{868988A0-2E15-48B7-910D-C74AEC75BBB9}.AppStore|iPhone.ActiveCfg = Release|Any CPU
		{868988A0-2E15-48B7-910D-C74AEC75BBB9}.AppStore|iPhone.Build.0 = Release|Any CPU
		{868988A0-2E15-48B7-910D-C74AEC75BBB9}.AppStore|iPhone.Deploy.0 = Release|Any CPU
		{868988A0-2E15-48B7-910D-C74AEC75BBB9}.AppStore|iPhoneSimulator.ActiveCfg = Release|Any CPU
		{868988A0-2E15-48B7-910D-C74AEC75BBB9}.AppStore|iPhoneSimulator.Build.0 = Release|Any CPU
		{868988A0-2E15-48B7-910D-C74AEC75BBB9}.AppStore|iPhoneSimulator.Deploy.0 = Release|Any CPU
		{868988A0-2E15-48B7-910D-C74AEC75BBB9}.AppStore|x64.ActiveCfg = Release|Any CPU
		{868988A0-2E15-48B7-910D-C74AEC75BBB9}.AppStore|x64.Build.0 = Release|Any CPU
		{868988A0-2E15-48B7-910D-C74AEC75BBB9}.AppStore|x64.Deploy.0 = Release|Any CPU
		{868988A0-2E15-48B7-910D-C74AEC75BBB9}.AppStore|x86.ActiveCfg = Release|Any CPU
		{868988A0-2E15-48B7-910D-C74AEC75BBB9}.AppStore|x86.Build.0 = Release|Any CPU
		{868988A0-2E15-48B7-910D-C74AEC75BBB9}.AppStore|x86.Deploy.0 = Release|Any CPU
		{868988A0-2E15-48B7-910D-C74AEC75BBB9}.Debug|Any CPU.ActiveCfg = Debug|Any CPU
		{868988A0-2E15-48B7-910D-C74AEC75BBB9}.Debug|Any CPU.Build.0 = Debug|Any CPU
		{868988A0-2E15-48B7-910D-C74AEC75BBB9}.Debug|Any CPU.Deploy.0 = Debug|Any CPU
		{868988A0-2E15-48B7-910D-C74AEC75BBB9}.Debug|ARM.ActiveCfg = Debug|Any CPU
		{868988A0-2E15-48B7-910D-C74AEC75BBB9}.Debug|ARM.Build.0 = Debug|Any CPU
		{868988A0-2E15-48B7-910D-C74AEC75BBB9}.Debug|ARM.Deploy.0 = Debug|Any CPU
		{868988A0-2E15-48B7-910D-C74AEC75BBB9}.Debug|iPhone.ActiveCfg = Debug|Any CPU
		{868988A0-2E15-48B7-910D-C74AEC75BBB9}.Debug|iPhone.Build.0 = Debug|Any CPU
		{868988A0-2E15-48B7-910D-C74AEC75BBB9}.Debug|iPhone.Deploy.0 = Debug|Any CPU
		{868988A0-2E15-48B7-910D-C74AEC75BBB9}.Debug|iPhoneSimulator.ActiveCfg = Debug|Any CPU
		{868988A0-2E15-48B7-910D-C74AEC75BBB9}.Debug|iPhoneSimulator.Build.0 = Debug|Any CPU
		{868988A0-2E15-48B7-910D-C74AEC75BBB9}.Debug|iPhoneSimulator.Deploy.0 = Debug|Any CPU
		{868988A0-2E15-48B7-910D-C74AEC75BBB9}.Debug|x64.ActiveCfg = Debug|Any CPU
		{868988A0-2E15-48B7-910D-C74AEC75BBB9}.Debug|x64.Build.0 = Debug|Any CPU
		{868988A0-2E15-48B7-910D-C74AEC75BBB9}.Debug|x64.Deploy.0 = Debug|Any CPU
		{868988A0-2E15-48B7-910D-C74AEC75BBB9}.Debug|x86.ActiveCfg = Debug|Any CPU
		{868988A0-2E15-48B7-910D-C74AEC75BBB9}.Debug|x86.Build.0 = Debug|Any CPU
		{868988A0-2E15-48B7-910D-C74AEC75BBB9}.Debug|x86.Deploy.0 = Debug|Any CPU
		{868988A0-2E15-48B7-910D-C74AEC75BBB9}.Release|Any CPU.ActiveCfg = Release|Any CPU
		{868988A0-2E15-48B7-910D-C74AEC75BBB9}.Release|Any CPU.Build.0 = Release|Any CPU
		{868988A0-2E15-48B7-910D-C74AEC75BBB9}.Release|Any CPU.Deploy.0 = Release|Any CPU
		{868988A0-2E15-48B7-910D-C74AEC75BBB9}.Release|ARM.ActiveCfg = Release|Any CPU
		{868988A0-2E15-48B7-910D-C74AEC75BBB9}.Release|ARM.Build.0 = Release|Any CPU
		{868988A0-2E15-48B7-910D-C74AEC75BBB9}.Release|ARM.Deploy.0 = Release|Any CPU
		{868988A0-2E15-48B7-910D-C74AEC75BBB9}.Release|iPhone.ActiveCfg = Release|Any CPU
		{868988A0-2E15-48B7-910D-C74AEC75BBB9}.Release|iPhone.Build.0 = Release|Any CPU
		{868988A0-2E15-48B7-910D-C74AEC75BBB9}.Release|iPhone.Deploy.0 = Release|Any CPU
		{868988A0-2E15-48B7-910D-C74AEC75BBB9}.Release|iPhoneSimulator.ActiveCfg = Release|Any CPU
		{868988A0-2E15-48B7-910D-C74AEC75BBB9}.Release|iPhoneSimulator.Build.0 = Release|Any CPU
		{868988A0-2E15-48B7-910D-C74AEC75BBB9}.Release|iPhoneSimulator.Deploy.0 = Release|Any CPU
		{868988A0-2E15-48B7-910D-C74AEC75BBB9}.Release|x64.ActiveCfg = Release|Any CPU
		{868988A0-2E15-48B7-910D-C74AEC75BBB9}.Release|x64.Build.0 = Release|Any CPU
		{868988A0-2E15-48B7-910D-C74AEC75BBB9}.Release|x64.Deploy.0 = Release|Any CPU
		{868988A0-2E15-48B7-910D-C74AEC75BBB9}.Release|x86.ActiveCfg = Release|Any CPU
		{868988A0-2E15-48B7-910D-C74AEC75BBB9}.Release|x86.Build.0 = Release|Any CPU
		{868988A0-2E15-48B7-910D-C74AEC75BBB9}.Release|x86.Deploy.0 = Release|Any CPU
		{704C2675-877A-41A8-BD27-A0BB2EC20DE7}.Ad-Hoc|Any CPU.ActiveCfg = Ad-Hoc|iPhone
		{704C2675-877A-41A8-BD27-A0BB2EC20DE7}.Ad-Hoc|ARM.ActiveCfg = Ad-Hoc|iPhone
		{704C2675-877A-41A8-BD27-A0BB2EC20DE7}.Ad-Hoc|iPhone.ActiveCfg = Ad-Hoc|iPhone
		{704C2675-877A-41A8-BD27-A0BB2EC20DE7}.Ad-Hoc|iPhone.Build.0 = Ad-Hoc|iPhone
		{704C2675-877A-41A8-BD27-A0BB2EC20DE7}.Ad-Hoc|iPhoneSimulator.ActiveCfg = Ad-Hoc|iPhoneSimulator
		{704C2675-877A-41A8-BD27-A0BB2EC20DE7}.Ad-Hoc|iPhoneSimulator.Build.0 = Ad-Hoc|iPhoneSimulator
		{704C2675-877A-41A8-BD27-A0BB2EC20DE7}.Ad-Hoc|x64.ActiveCfg = Ad-Hoc|iPhone
		{704C2675-877A-41A8-BD27-A0BB2EC20DE7}.Ad-Hoc|x86.ActiveCfg = Ad-Hoc|iPhone
		{704C2675-877A-41A8-BD27-A0BB2EC20DE7}.AppStore|Any CPU.ActiveCfg = AppStore|iPhone
		{704C2675-877A-41A8-BD27-A0BB2EC20DE7}.AppStore|ARM.ActiveCfg = AppStore|iPhone
		{704C2675-877A-41A8-BD27-A0BB2EC20DE7}.AppStore|iPhone.ActiveCfg = AppStore|iPhone
		{704C2675-877A-41A8-BD27-A0BB2EC20DE7}.AppStore|iPhone.Build.0 = AppStore|iPhone
		{704C2675-877A-41A8-BD27-A0BB2EC20DE7}.AppStore|iPhoneSimulator.ActiveCfg = AppStore|iPhoneSimulator
		{704C2675-877A-41A8-BD27-A0BB2EC20DE7}.AppStore|iPhoneSimulator.Build.0 = AppStore|iPhoneSimulator
		{704C2675-877A-41A8-BD27-A0BB2EC20DE7}.AppStore|x64.ActiveCfg = AppStore|iPhone
		{704C2675-877A-41A8-BD27-A0BB2EC20DE7}.AppStore|x86.ActiveCfg = AppStore|iPhone
		{704C2675-877A-41A8-BD27-A0BB2EC20DE7}.Debug|Any CPU.ActiveCfg = Debug|iPhone
		{704C2675-877A-41A8-BD27-A0BB2EC20DE7}.Debug|ARM.ActiveCfg = Debug|iPhone
		{704C2675-877A-41A8-BD27-A0BB2EC20DE7}.Debug|iPhone.ActiveCfg = Debug|iPhone
		{704C2675-877A-41A8-BD27-A0BB2EC20DE7}.Debug|iPhone.Build.0 = Debug|iPhone
		{704C2675-877A-41A8-BD27-A0BB2EC20DE7}.Debug|iPhoneSimulator.ActiveCfg = Debug|iPhoneSimulator
		{704C2675-877A-41A8-BD27-A0BB2EC20DE7}.Debug|iPhoneSimulator.Build.0 = Debug|iPhoneSimulator
		{704C2675-877A-41A8-BD27-A0BB2EC20DE7}.Debug|x64.ActiveCfg = Debug|iPhone
		{704C2675-877A-41A8-BD27-A0BB2EC20DE7}.Debug|x86.ActiveCfg = Debug|iPhone
		{704C2675-877A-41A8-BD27-A0BB2EC20DE7}.Release|Any CPU.ActiveCfg = Release|iPhone
		{704C2675-877A-41A8-BD27-A0BB2EC20DE7}.Release|ARM.ActiveCfg = Release|iPhone
		{704C2675-877A-41A8-BD27-A0BB2EC20DE7}.Release|iPhone.ActiveCfg = Release|iPhone
		{704C2675-877A-41A8-BD27-A0BB2EC20DE7}.Release|iPhone.Build.0 = Release|iPhone
		{704C2675-877A-41A8-BD27-A0BB2EC20DE7}.Release|iPhoneSimulator.ActiveCfg = Release|iPhoneSimulator
		{704C2675-877A-41A8-BD27-A0BB2EC20DE7}.Release|iPhoneSimulator.Build.0 = Release|iPhoneSimulator
		{704C2675-877A-41A8-BD27-A0BB2EC20DE7}.Release|x64.ActiveCfg = Release|iPhone
		{704C2675-877A-41A8-BD27-A0BB2EC20DE7}.Release|x86.ActiveCfg = Release|iPhone
		{3E139665-04B1-461A-8C4D-AD1088171961}.Ad-Hoc|Any CPU.ActiveCfg = Release|x86
		{3E139665-04B1-461A-8C4D-AD1088171961}.Ad-Hoc|Any CPU.Build.0 = Release|x86
		{3E139665-04B1-461A-8C4D-AD1088171961}.Ad-Hoc|Any CPU.Deploy.0 = Release|x86
		{3E139665-04B1-461A-8C4D-AD1088171961}.Ad-Hoc|ARM.ActiveCfg = Release|ARM
		{3E139665-04B1-461A-8C4D-AD1088171961}.Ad-Hoc|ARM.Build.0 = Release|ARM
		{3E139665-04B1-461A-8C4D-AD1088171961}.Ad-Hoc|ARM.Deploy.0 = Release|ARM
		{3E139665-04B1-461A-8C4D-AD1088171961}.Ad-Hoc|iPhone.ActiveCfg = Release|x86
		{3E139665-04B1-461A-8C4D-AD1088171961}.Ad-Hoc|iPhone.Build.0 = Release|x86
		{3E139665-04B1-461A-8C4D-AD1088171961}.Ad-Hoc|iPhone.Deploy.0 = Release|x86
		{3E139665-04B1-461A-8C4D-AD1088171961}.Ad-Hoc|iPhoneSimulator.ActiveCfg = Release|x86
		{3E139665-04B1-461A-8C4D-AD1088171961}.Ad-Hoc|iPhoneSimulator.Build.0 = Release|x86
		{3E139665-04B1-461A-8C4D-AD1088171961}.Ad-Hoc|iPhoneSimulator.Deploy.0 = Release|x86
		{3E139665-04B1-461A-8C4D-AD1088171961}.Ad-Hoc|x64.ActiveCfg = Release|x64
		{3E139665-04B1-461A-8C4D-AD1088171961}.Ad-Hoc|x64.Build.0 = Release|x64
		{3E139665-04B1-461A-8C4D-AD1088171961}.Ad-Hoc|x64.Deploy.0 = Release|x64
		{3E139665-04B1-461A-8C4D-AD1088171961}.Ad-Hoc|x86.ActiveCfg = Release|x86
		{3E139665-04B1-461A-8C4D-AD1088171961}.Ad-Hoc|x86.Build.0 = Release|x86
		{3E139665-04B1-461A-8C4D-AD1088171961}.Ad-Hoc|x86.Deploy.0 = Release|x86
		{3E139665-04B1-461A-8C4D-AD1088171961}.AppStore|Any CPU.ActiveCfg = Release|x86
		{3E139665-04B1-461A-8C4D-AD1088171961}.AppStore|Any CPU.Build.0 = Release|x86
		{3E139665-04B1-461A-8C4D-AD1088171961}.AppStore|Any CPU.Deploy.0 = Release|x86
		{3E139665-04B1-461A-8C4D-AD1088171961}.AppStore|ARM.ActiveCfg = Release|ARM
		{3E139665-04B1-461A-8C4D-AD1088171961}.AppStore|ARM.Build.0 = Release|ARM
		{3E139665-04B1-461A-8C4D-AD1088171961}.AppStore|ARM.Deploy.0 = Release|ARM
		{3E139665-04B1-461A-8C4D-AD1088171961}.AppStore|iPhone.ActiveCfg = Release|x86
		{3E139665-04B1-461A-8C4D-AD1088171961}.AppStore|iPhone.Build.0 = Release|x86
		{3E139665-04B1-461A-8C4D-AD1088171961}.AppStore|iPhone.Deploy.0 = Release|x86
		{3E139665-04B1-461A-8C4D-AD1088171961}.AppStore|iPhoneSimulator.ActiveCfg = Release|x86
		{3E139665-04B1-461A-8C4D-AD1088171961}.AppStore|iPhoneSimulator.Build.0 = Release|x86
		{3E139665-04B1-461A-8C4D-AD1088171961}.AppStore|iPhoneSimulator.Deploy.0 = Release|x86
		{3E139665-04B1-461A-8C4D-AD1088171961}.AppStore|x64.ActiveCfg = Release|x64
		{3E139665-04B1-461A-8C4D-AD1088171961}.AppStore|x64.Build.0 = Release|x64
		{3E139665-04B1-461A-8C4D-AD1088171961}.AppStore|x64.Deploy.0 = Release|x64
		{3E139665-04B1-461A-8C4D-AD1088171961}.AppStore|x86.ActiveCfg = Release|x86
		{3E139665-04B1-461A-8C4D-AD1088171961}.AppStore|x86.Build.0 = Release|x86
		{3E139665-04B1-461A-8C4D-AD1088171961}.AppStore|x86.Deploy.0 = Release|x86
		{3E139665-04B1-461A-8C4D-AD1088171961}.Debug|Any CPU.ActiveCfg = Debug|x86
		{3E139665-04B1-461A-8C4D-AD1088171961}.Debug|ARM.ActiveCfg = Debug|ARM
		{3E139665-04B1-461A-8C4D-AD1088171961}.Debug|ARM.Build.0 = Debug|ARM
		{3E139665-04B1-461A-8C4D-AD1088171961}.Debug|ARM.Deploy.0 = Debug|ARM
		{3E139665-04B1-461A-8C4D-AD1088171961}.Debug|iPhone.ActiveCfg = Debug|x86
		{3E139665-04B1-461A-8C4D-AD1088171961}.Debug|iPhoneSimulator.ActiveCfg = Debug|x86
		{3E139665-04B1-461A-8C4D-AD1088171961}.Debug|x64.ActiveCfg = Debug|x64
		{3E139665-04B1-461A-8C4D-AD1088171961}.Debug|x64.Build.0 = Debug|x64
		{3E139665-04B1-461A-8C4D-AD1088171961}.Debug|x64.Deploy.0 = Debug|x64
		{3E139665-04B1-461A-8C4D-AD1088171961}.Debug|x86.ActiveCfg = Debug|x86
		{3E139665-04B1-461A-8C4D-AD1088171961}.Debug|x86.Build.0 = Debug|x86
		{3E139665-04B1-461A-8C4D-AD1088171961}.Debug|x86.Deploy.0 = Debug|x86
		{3E139665-04B1-461A-8C4D-AD1088171961}.Release|Any CPU.ActiveCfg = Release|x86
		{3E139665-04B1-461A-8C4D-AD1088171961}.Release|ARM.ActiveCfg = Release|ARM
		{3E139665-04B1-461A-8C4D-AD1088171961}.Release|ARM.Build.0 = Release|ARM
		{3E139665-04B1-461A-8C4D-AD1088171961}.Release|ARM.Deploy.0 = Release|ARM
		{3E139665-04B1-461A-8C4D-AD1088171961}.Release|iPhone.ActiveCfg = Release|x86
		{3E139665-04B1-461A-8C4D-AD1088171961}.Release|iPhoneSimulator.ActiveCfg = Release|x86
		{3E139665-04B1-461A-8C4D-AD1088171961}.Release|x64.ActiveCfg = Release|x64
		{3E139665-04B1-461A-8C4D-AD1088171961}.Release|x64.Build.0 = Release|x64
		{3E139665-04B1-461A-8C4D-AD1088171961}.Release|x64.Deploy.0 = Release|x64
		{3E139665-04B1-461A-8C4D-AD1088171961}.Release|x86.ActiveCfg = Release|x86
		{3E139665-04B1-461A-8C4D-AD1088171961}.Release|x86.Build.0 = Release|x86
		{3E139665-04B1-461A-8C4D-AD1088171961}.Release|x86.Deploy.0 = Release|x86
		{6C12B61F-65DE-4E7A-8700-7C7E46B32A5D}.Ad-Hoc|Any CPU.ActiveCfg = Debug|Any CPU
		{6C12B61F-65DE-4E7A-8700-7C7E46B32A5D}.Ad-Hoc|Any CPU.Build.0 = Debug|Any CPU
		{6C12B61F-65DE-4E7A-8700-7C7E46B32A5D}.Ad-Hoc|ARM.ActiveCfg = Debug|Any CPU
		{6C12B61F-65DE-4E7A-8700-7C7E46B32A5D}.Ad-Hoc|ARM.Build.0 = Debug|Any CPU
		{6C12B61F-65DE-4E7A-8700-7C7E46B32A5D}.Ad-Hoc|iPhone.ActiveCfg = Debug|Any CPU
		{6C12B61F-65DE-4E7A-8700-7C7E46B32A5D}.Ad-Hoc|iPhone.Build.0 = Debug|Any CPU
		{6C12B61F-65DE-4E7A-8700-7C7E46B32A5D}.Ad-Hoc|iPhoneSimulator.ActiveCfg = Debug|Any CPU
		{6C12B61F-65DE-4E7A-8700-7C7E46B32A5D}.Ad-Hoc|iPhoneSimulator.Build.0 = Debug|Any CPU
		{6C12B61F-65DE-4E7A-8700-7C7E46B32A5D}.Ad-Hoc|x64.ActiveCfg = Debug|Any CPU
		{6C12B61F-65DE-4E7A-8700-7C7E46B32A5D}.Ad-Hoc|x64.Build.0 = Debug|Any CPU
		{6C12B61F-65DE-4E7A-8700-7C7E46B32A5D}.Ad-Hoc|x86.ActiveCfg = Debug|Any CPU
		{6C12B61F-65DE-4E7A-8700-7C7E46B32A5D}.Ad-Hoc|x86.Build.0 = Debug|Any CPU
		{6C12B61F-65DE-4E7A-8700-7C7E46B32A5D}.AppStore|Any CPU.ActiveCfg = Debug|Any CPU
		{6C12B61F-65DE-4E7A-8700-7C7E46B32A5D}.AppStore|Any CPU.Build.0 = Debug|Any CPU
		{6C12B61F-65DE-4E7A-8700-7C7E46B32A5D}.AppStore|ARM.ActiveCfg = Debug|Any CPU
		{6C12B61F-65DE-4E7A-8700-7C7E46B32A5D}.AppStore|ARM.Build.0 = Debug|Any CPU
		{6C12B61F-65DE-4E7A-8700-7C7E46B32A5D}.AppStore|iPhone.ActiveCfg = Debug|Any CPU
		{6C12B61F-65DE-4E7A-8700-7C7E46B32A5D}.AppStore|iPhone.Build.0 = Debug|Any CPU
		{6C12B61F-65DE-4E7A-8700-7C7E46B32A5D}.AppStore|iPhoneSimulator.ActiveCfg = Debug|Any CPU
		{6C12B61F-65DE-4E7A-8700-7C7E46B32A5D}.AppStore|iPhoneSimulator.Build.0 = Debug|Any CPU
		{6C12B61F-65DE-4E7A-8700-7C7E46B32A5D}.AppStore|x64.ActiveCfg = Debug|Any CPU
		{6C12B61F-65DE-4E7A-8700-7C7E46B32A5D}.AppStore|x64.Build.0 = Debug|Any CPU
		{6C12B61F-65DE-4E7A-8700-7C7E46B32A5D}.AppStore|x86.ActiveCfg = Debug|Any CPU
		{6C12B61F-65DE-4E7A-8700-7C7E46B32A5D}.AppStore|x86.Build.0 = Debug|Any CPU
		{6C12B61F-65DE-4E7A-8700-7C7E46B32A5D}.Debug|Any CPU.ActiveCfg = Debug|Any CPU
		{6C12B61F-65DE-4E7A-8700-7C7E46B32A5D}.Debug|Any CPU.Build.0 = Debug|Any CPU
		{6C12B61F-65DE-4E7A-8700-7C7E46B32A5D}.Debug|ARM.ActiveCfg = Debug|Any CPU
		{6C12B61F-65DE-4E7A-8700-7C7E46B32A5D}.Debug|ARM.Build.0 = Debug|Any CPU
		{6C12B61F-65DE-4E7A-8700-7C7E46B32A5D}.Debug|iPhone.ActiveCfg = Debug|Any CPU
		{6C12B61F-65DE-4E7A-8700-7C7E46B32A5D}.Debug|iPhone.Build.0 = Debug|Any CPU
		{6C12B61F-65DE-4E7A-8700-7C7E46B32A5D}.Debug|iPhoneSimulator.ActiveCfg = Debug|Any CPU
		{6C12B61F-65DE-4E7A-8700-7C7E46B32A5D}.Debug|iPhoneSimulator.Build.0 = Debug|Any CPU
		{6C12B61F-65DE-4E7A-8700-7C7E46B32A5D}.Debug|x64.ActiveCfg = Debug|Any CPU
		{6C12B61F-65DE-4E7A-8700-7C7E46B32A5D}.Debug|x64.Build.0 = Debug|Any CPU
		{6C12B61F-65DE-4E7A-8700-7C7E46B32A5D}.Debug|x86.ActiveCfg = Debug|Any CPU
		{6C12B61F-65DE-4E7A-8700-7C7E46B32A5D}.Debug|x86.Build.0 = Debug|Any CPU
		{6C12B61F-65DE-4E7A-8700-7C7E46B32A5D}.Release|Any CPU.ActiveCfg = Release|Any CPU
		{6C12B61F-65DE-4E7A-8700-7C7E46B32A5D}.Release|Any CPU.Build.0 = Release|Any CPU
		{6C12B61F-65DE-4E7A-8700-7C7E46B32A5D}.Release|ARM.ActiveCfg = Release|Any CPU
		{6C12B61F-65DE-4E7A-8700-7C7E46B32A5D}.Release|ARM.Build.0 = Release|Any CPU
		{6C12B61F-65DE-4E7A-8700-7C7E46B32A5D}.Release|iPhone.ActiveCfg = Release|Any CPU
		{6C12B61F-65DE-4E7A-8700-7C7E46B32A5D}.Release|iPhone.Build.0 = Release|Any CPU
		{6C12B61F-65DE-4E7A-8700-7C7E46B32A5D}.Release|iPhoneSimulator.ActiveCfg = Release|Any CPU
		{6C12B61F-65DE-4E7A-8700-7C7E46B32A5D}.Release|iPhoneSimulator.Build.0 = Release|Any CPU
		{6C12B61F-65DE-4E7A-8700-7C7E46B32A5D}.Release|x64.ActiveCfg = Release|Any CPU
		{6C12B61F-65DE-4E7A-8700-7C7E46B32A5D}.Release|x64.Build.0 = Release|Any CPU
		{6C12B61F-65DE-4E7A-8700-7C7E46B32A5D}.Release|x86.ActiveCfg = Release|Any CPU
		{6C12B61F-65DE-4E7A-8700-7C7E46B32A5D}.Release|x86.Build.0 = Release|Any CPU
	EndGlobalSection
	GlobalSection(SolutionProperties) = preSolution
		HideSolutionNode = FALSE
	EndGlobalSection
	GlobalSection(ExtensibilityGlobals) = postSolution
		SolutionGuid = {374736DF-3ED7-481C-A5F3-9984A36EF481}
	EndGlobalSection
EndGlobal
